
Microsoft Visual Studio Solution File, Format Version 12.00
# Visual Studio 15
VisualStudioVersion = 15.0.27703.2026
MinimumVisualStudioVersion = 10.0.40219.1
Project("{FAE04EC0-301F-11D3-BF4B-00C04F79EFBC}") = "ExpenseTracker.DAL", "ExpenseTracker.DAL\ExpenseTracker.DAL.csproj", "{D83BDE13-20CF-4745-BDC6-4B95A19B9341}"
EndProject
Global
	GlobalSection(SolutionConfigurationPlatforms) = preSolution
		Debug|Any CPU = Debug|Any CPU
		Release|Any CPU = Release|Any CPU
	EndGlobalSection
	GlobalSection(ProjectConfigurationPlatforms) = postSolution
		{D83BDE13-20CF-4745-BDC6-4B95A19B9341}.Debug|Any CPU.ActiveCfg = Debug|Any CPU
		{D83BDE13-20CF-4745-BDC6-4B95A19B9341}.Debug|Any CPU.Build.0 = Debug|Any CPU
		{D83BDE13-20CF-4745-BDC6-4B95A19B9341}.Release|Any CPU.ActiveCfg = Release|Any CPU
		{D83BDE13-20CF-4745-BDC6-4B95A19B9341}.Release|Any CPU.Build.0 = Release|Any CPU
	EndGlobalSection
	GlobalSection(SolutionProperties) = preSolution
		HideSolutionNode = FALSE
	EndGlobalSection
	GlobalSection(ExtensibilityGlobals) = postSolution
		SolutionGuid = {4259F83D-7637-4AED-BC86-63EE8A41C325}
	EndGlobalSection
EndGlobal
